
Microsoft Visual Studio Solution File, Format Version 12.00
# Visual Studio Version 16
VisualStudioVersion = 16.0.30114.105
MinimumVisualStudioVersion = 10.0.40219.1
Project("{8BC9CEB8-8B4A-11D0-8D11-00A0C91BC942}") = "minimal_service", "minimal_service.vcxproj", "{56B616E8-E6CA-4344-A37E-7D781C639466}"
EndProject
Global
	GlobalSection(SolutionConfigurationPlatforms) = preSolution
		Debug|x64 = Debug|x64
		Debug|x86 = Debug|x86
		Release|x64 = Release|x64
		Release|x86 = Release|x86
	EndGlobalSection
	GlobalSection(ProjectConfigurationPlatforms) = postSolution
		{56B616E8-E6CA-4344-A37E-7D781C639466}.Debug|x64.ActiveCfg = Debug|x64
		{56B616E8-E6CA-4344-A37E-7D781C639466}.Debug|x64.Build.0 = Debug|x64
		{56B616E8-E6CA-4344-A37E-7D781C639466}.Debug|x86.ActiveCfg = Debug|Win32
		{56B616E8-E6CA-4344-A37E-7D781C639466}.Debug|x86.Build.0 = Debug|Win32
		{56B616E8-E6CA-4344-A37E-7D781C639466}.Release|x64.ActiveCfg = Release|x64
		{56B616E8-E6CA-4344-A37E-7D781C639466}.Release|x64.Build.0 = Release|x64
		{56B616E8-E6CA-4344-A37E-7D781C639466}.Release|x86.ActiveCfg = Release|Win32
		{56B616E8-E6CA-4344-A37E-7D781C639466}.Release|x86.Build.0 = Release|Win32
	EndGlobalSection
	GlobalSection(SolutionProperties) = preSolution
		HideSolutionNode = FALSE
	EndGlobalSection
	GlobalSection(ExtensibilityGlobals) = postSolution
		SolutionGuid = {FF6A2699-98E3-4C27-B20F-B7325133C68D}
	EndGlobalSection
EndGlobal
